// !$*UTF8*$!
{
	archiveVersion = 1;
	classes = {
	};
	objectVersion = 55;
	objects = {

/* Begin PBXBuildFile section */
		D55F4F2028F6FEF700B32171 /* HomeHeader.swift in Sources */ = {isa = PBXBuildFile; fileRef = D55F4F1F28F6FEF700B32171 /* HomeHeader.swift */; };
		D591F18F28DC9D2500A6D337 /* AppDelegate.swift in Sources */ = {isa = PBXBuildFile; fileRef = D591F18E28DC9D2500A6D337 /* AppDelegate.swift */; };
		D591F19128DC9D2500A6D337 /* SceneDelegate.swift in Sources */ = {isa = PBXBuildFile; fileRef = D591F19028DC9D2500A6D337 /* SceneDelegate.swift */; };
		D591F19328DC9D2500A6D337 /* ViewController.swift in Sources */ = {isa = PBXBuildFile; fileRef = D591F19228DC9D2500A6D337 /* ViewController.swift */; };
		D591F19628DC9D2500A6D337 /* Main.storyboard in Resources */ = {isa = PBXBuildFile; fileRef = D591F19428DC9D2500A6D337 /* Main.storyboard */; };
		D591F19828DC9D2800A6D337 /* Assets.xcassets in Resources */ = {isa = PBXBuildFile; fileRef = D591F19728DC9D2800A6D337 /* Assets.xcassets */; };
		D591F19B28DC9D2800A6D337 /* LaunchScreen.storyboard in Resources */ = {isa = PBXBuildFile; fileRef = D591F19928DC9D2800A6D337 /* LaunchScreen.storyboard */; };
		D591F1A628DCADF000A6D337 /* PastFlightViewController.swift in Sources */ = {isa = PBXBuildFile; fileRef = D591F1A528DCADF000A6D337 /* PastFlightViewController.swift */; };
		D591F1A828DCAE0800A6D337 /* UpComingFlightViewController.swift in Sources */ = {isa = PBXBuildFile; fileRef = D591F1A728DCAE0800A6D337 /* UpComingFlightViewController.swift */; };
		D591F1AA28DCAE1600A6D337 /* HomeViewController.swift in Sources */ = {isa = PBXBuildFile; fileRef = D591F1A928DCAE1600A6D337 /* HomeViewController.swift */; };
		D598A81928EB0F27008B2DB3 /* UpcomingCollectionViewCell.swift in Sources */ = {isa = PBXBuildFile; fileRef = D598A81828EB0F27008B2DB3 /* UpcomingCollectionViewCell.swift */; };
		D598A81B28EB1525008B2DB3 /* PastCollectionViewCell.swift in Sources */ = {isa = PBXBuildFile; fileRef = D598A81A28EB1525008B2DB3 /* PastCollectionViewCell.swift */; };
		D599BCCE28E1F2B100EFED83 /* HomeService.swift in Sources */ = {isa = PBXBuildFile; fileRef = D599BCCD28E1F2B100EFED83 /* HomeService.swift */; };
		D599BCD028E1F3D600EFED83 /* FlightStruct.swift in Sources */ = {isa = PBXBuildFile; fileRef = D599BCCF28E1F3D600EFED83 /* FlightStruct.swift */; };
/* End PBXBuildFile section */

/* Begin PBXFileReference section */
		D55F4F1F28F6FEF700B32171 /* HomeHeader.swift */ = {isa = PBXFileReference; lastKnownFileType = sourcecode.swift; path = HomeHeader.swift; sourceTree = "<group>"; };
		D591F18B28DC9D2500A6D337 /* SpaceX.app */ = {isa = PBXFileReference; explicitFileType = wrapper.application; includeInIndex = 0; path = SpaceX.app; sourceTree = BUILT_PRODUCTS_DIR; };
		D591F18E28DC9D2500A6D337 /* AppDelegate.swift */ = {isa = PBXFileReference; lastKnownFileType = sourcecode.swift; path = AppDelegate.swift; sourceTree = "<group>"; };
		D591F19028DC9D2500A6D337 /* SceneDelegate.swift */ = {isa = PBXFileReference; lastKnownFileType = sourcecode.swift; path = SceneDelegate.swift; sourceTree = "<group>"; };
		D591F19228DC9D2500A6D337 /* ViewController.swift */ = {isa = PBXFileReference; lastKnownFileType = sourcecode.swift; path = ViewController.swift; sourceTree = "<group>"; };
		D591F19528DC9D2500A6D337 /* Base */ = {isa = PBXFileReference; lastKnownFileType = file.storyboard; name = Base; path = Base.lproj/Main.storyboard; sourceTree = "<group>"; };
		D591F19728DC9D2800A6D337 /* Assets.xcassets */ = {isa = PBXFileReference; lastKnownFileType = folder.assetcatalog; path = Assets.xcassets; sourceTree = "<group>"; };
		D591F19A28DC9D2800A6D337 /* Base */ = {isa = PBXFileReference; lastKnownFileType = file.storyboard; name = Base; path = Base.lproj/LaunchScreen.storyboard; sourceTree = "<group>"; };
		D591F19C28DC9D2800A6D337 /* Info.plist */ = {isa = PBXFileReference; lastKnownFileType = text.plist.xml; path = Info.plist; sourceTree = "<group>"; };
		D591F1A528DCADF000A6D337 /* PastFlightViewController.swift */ = {isa = PBXFileReference; lastKnownFileType = sourcecode.swift; path = PastFlightViewController.swift; sourceTree = "<group>"; };
		D591F1A728DCAE0800A6D337 /* UpComingFlightViewController.swift */ = {isa = PBXFileReference; lastKnownFileType = sourcecode.swift; path = UpComingFlightViewController.swift; sourceTree = "<group>"; };
		D591F1A928DCAE1600A6D337 /* HomeViewController.swift */ = {isa = PBXFileReference; lastKnownFileType = sourcecode.swift; path = HomeViewController.swift; sourceTree = "<group>"; };
		D598A81828EB0F27008B2DB3 /* UpcomingCollectionViewCell.swift */ = {isa = PBXFileReference; lastKnownFileType = sourcecode.swift; path = UpcomingCollectionViewCell.swift; sourceTree = "<group>"; };
		D598A81A28EB1525008B2DB3 /* PastCollectionViewCell.swift */ = {isa = PBXFileReference; lastKnownFileType = sourcecode.swift; path = PastCollectionViewCell.swift; sourceTree = "<group>"; };
		D599BCCD28E1F2B100EFED83 /* HomeService.swift */ = {isa = PBXFileReference; lastKnownFileType = sourcecode.swift; path = HomeService.swift; sourceTree = "<group>"; };
		D599BCCF28E1F3D600EFED83 /* FlightStruct.swift */ = {isa = PBXFileReference; lastKnownFileType = sourcecode.swift; path = FlightStruct.swift; sourceTree = "<group>"; };
/* End PBXFileReference section */

/* Begin PBXFrameworksBuildPhase section */
		D591F18828DC9D2500A6D337 /* Frameworks */ = {
			isa = PBXFrameworksBuildPhase;
			buildActionMask = 2147483647;
			files = (
			);
			runOnlyForDeploymentPostprocessing = 0;
		};
/* End PBXFrameworksBuildPhase section */

/* Begin PBXGroup section */
		D591F18228DC9D2500A6D337 = {
			isa = PBXGroup;
			children = (
				D591F18D28DC9D2500A6D337 /* SpaceX */,
				D591F18C28DC9D2500A6D337 /* Products */,
			);
			sourceTree = "<group>";
		};
		D591F18C28DC9D2500A6D337 /* Products */ = {
			isa = PBXGroup;
			children = (
				D591F18B28DC9D2500A6D337 /* SpaceX.app */,
			);
			name = Products;
			sourceTree = "<group>";
		};
		D591F18D28DC9D2500A6D337 /* SpaceX */ = {
			isa = PBXGroup;
			children = (
				D591F1A428DC9FDF00A6D337 /* PastFlight */,
				D591F1A328DC9FB600A6D337 /* UpcomingFlight */,
				D591F1A228DC9EBE00A6D337 /* Home */,
				D591F18E28DC9D2500A6D337 /* AppDelegate.swift */,
				D591F19028DC9D2500A6D337 /* SceneDelegate.swift */,
				D591F19228DC9D2500A6D337 /* ViewController.swift */,
				D591F19428DC9D2500A6D337 /* Main.storyboard */,
				D591F19728DC9D2800A6D337 /* Assets.xcassets */,
				D591F19928DC9D2800A6D337 /* LaunchScreen.storyboard */,
				D591F19C28DC9D2800A6D337 /* Info.plist */,
			);
			path = SpaceX;
			sourceTree = "<group>";
		};
		D591F1A228DC9EBE00A6D337 /* Home */ = {
			isa = PBXGroup;
			children = (
				D591F1A928DCAE1600A6D337 /* HomeViewController.swift */,
				D599BCCD28E1F2B100EFED83 /* HomeService.swift */,
				D599BCCF28E1F3D600EFED83 /* FlightStruct.swift */,
				D598A81828EB0F27008B2DB3 /* UpcomingCollectionViewCell.swift */,
				D598A81A28EB1525008B2DB3 /* PastCollectionViewCell.swift */,
				D55F4F1F28F6FEF700B32171 /* HomeHeader.swift */,
			);
			path = Home;
			sourceTree = "<group>";
		};
		D591F1A328DC9FB600A6D337 /* UpcomingFlight */ = {
			isa = PBXGroup;
			children = (
				D591F1A728DCAE0800A6D337 /* UpComingFlightViewController.swift */,
			);
			path = UpcomingFlight;
			sourceTree = "<group>";
		};
		D591F1A428DC9FDF00A6D337 /* PastFlight */ = {
			isa = PBXGroup;
			children = (
				D591F1A528DCADF000A6D337 /* PastFlightViewController.swift */,
			);
			path = PastFlight;
			sourceTree = "<group>";
		};
/* End PBXGroup section */

/* Begin PBXNativeTarget section */
		D591F18A28DC9D2500A6D337 /* SpaceX */ = {
			isa = PBXNativeTarget;
			buildConfigurationList = D591F19F28DC9D2800A6D337 /* Build configuration list for PBXNativeTarget "SpaceX" */;
			buildPhases = (
				D591F18728DC9D2500A6D337 /* Sources */,
				D591F18828DC9D2500A6D337 /* Frameworks */,
				D591F18928DC9D2500A6D337 /* Resources */,
				D59E108C28E2ED6B000D40F5 /* ShellScript */,
			);
			buildRules = (
			);
			dependencies = (
			);
			name = SpaceX;
			productName = SpaceX;
			productReference = D591F18B28DC9D2500A6D337 /* SpaceX.app */;
			productType = "com.apple.product-type.application";
		};
/* End PBXNativeTarget section */

/* Begin PBXProject section */
		D591F18328DC9D2500A6D337 /* Project object */ = {
			isa = PBXProject;
			attributes = {
				BuildIndependentTargetsInParallel = 1;
				LastSwiftUpdateCheck = 1330;
				LastUpgradeCheck = 1330;
				TargetAttributes = {
					D591F18A28DC9D2500A6D337 = {
						CreatedOnToolsVersion = 13.3;
					};
				};
			};
			buildConfigurationList = D591F18628DC9D2500A6D337 /* Build configuration list for PBXProject "SpaceX" */;
			compatibilityVersion = "Xcode 13.0";
			developmentRegion = en;
			hasScannedForEncodings = 0;
			knownRegions = (
				en,
				Base,
			);
			mainGroup = D591F18228DC9D2500A6D337;
			productRefGroup = D591F18C28DC9D2500A6D337 /* Products */;
			projectDirPath = "";
			projectRoot = "";
			targets = (
				D591F18A28DC9D2500A6D337 /* SpaceX */,
			);
		};
/* End PBXProject section */

/* Begin PBXResourcesBuildPhase section */
		D591F18928DC9D2500A6D337 /* Resources */ = {
			isa = PBXResourcesBuildPhase;
			buildActionMask = 2147483647;
			files = (
				D591F19B28DC9D2800A6D337 /* LaunchScreen.storyboard in Resources */,
				D591F19828DC9D2800A6D337 /* Assets.xcassets in Resources */,
				D591F19628DC9D2500A6D337 /* Main.storyboard in Resources */,
			);
			runOnlyForDeploymentPostprocessing = 0;
		};
/* End PBXResourcesBuildPhase section */

/* Begin PBXShellScriptBuildPhase section */
		D59E108C28E2ED6B000D40F5 /* ShellScript */ = {
			isa = PBXShellScriptBuildPhase;
			buildActionMask = 2147483647;
			files = (
			);
			inputFileListPaths = (
			);
			inputPaths = (
			);
			outputFileListPaths = (
			);
			outputPaths = (
			);
			runOnlyForDeploymentPostprocessing = 0;
			shellPath = /bin/sh;
			shellScript = "export PATH=\"$PATH:/opt/homebrew/bin\"\nif which swiftlint > /dev/null; then\n  swiftlint\nelse\n  echo \"error: SwiftLint not installed, download from https://github.com/realm/SwiftLint\"\nfi\n";
		};
/* End PBXShellScriptBuildPhase section */

/* Begin PBXSourcesBuildPhase section */
		D591F18728DC9D2500A6D337 /* Sources */ = {
			isa = PBXSourcesBuildPhase;
			buildActionMask = 2147483647;
			files = (
				D599BCD028E1F3D600EFED83 /* FlightStruct.swift in Sources */,
				D599BCCE28E1F2B100EFED83 /* HomeService.swift in Sources */,
				D598A81928EB0F27008B2DB3 /* UpcomingCollectionViewCell.swift in Sources */,
				D591F19328DC9D2500A6D337 /* ViewController.swift in Sources */,
				D591F18F28DC9D2500A6D337 /* AppDelegate.swift in Sources */,
				D591F1AA28DCAE1600A6D337 /* HomeViewController.swift in Sources */,
				D598A81B28EB1525008B2DB3 /* PastCollectionViewCell.swift in Sources */,
				D591F19128DC9D2500A6D337 /* SceneDelegate.swift in Sources */,
				D591F1A628DCADF000A6D337 /* PastFlightViewController.swift in Sources */,
				D55F4F2028F6FEF700B32171 /* HomeHeader.swift in Sources */,
				D591F1A828DCAE0800A6D337 /* UpComingFlightViewController.swift in Sources */,
			);
			runOnlyForDeploymentPostprocessing = 0;
		};
/* End PBXSourcesBuildPhase section */

/* Begin PBXVariantGroup section */
		D591F19428DC9D2500A6D337 /* Main.storyboard */ = {
			isa = PBXVariantGroup;
			children = (
				D591F19528DC9D2500A6D337 /* Base */,
			);
			name = Main.storyboard;
			sourceTree = "<group>";
		};
		D591F19928DC9D2800A6D337 /* LaunchScreen.storyboard */ = {
			isa = PBXVariantGroup;
			children = (
				D591F19A28DC9D2800A6D337 /* Base */,
			);
			name = LaunchScreen.storyboard;
			sourceTree = "<group>";
		};
/* End PBXVariantGroup section */

/* Begin XCBuildConfiguration section */
		D591F19D28DC9D2800A6D337 /* Debug */ = {
			isa = XCBuildConfiguration;
			buildSettings = {
				ALWAYS_SEARCH_USER_PATHS = NO;
				CLANG_ANALYZER_NONNULL = YES;
				CLANG_ANALYZER_NUMBER_OBJECT_CONVERSION = YES_AGGRESSIVE;
				CLANG_CXX_LANGUAGE_STANDARD = "gnu++17";
				CLANG_ENABLE_MODULES = YES;
				CLANG_ENABLE_OBJC_ARC = YES;
				CLANG_ENABLE_OBJC_WEAK = YES;
				CLANG_WARN_BLOCK_CAPTURE_AUTORELEASING = YES;
				CLANG_WARN_BOOL_CONVERSION = YES;
				CLANG_WARN_COMMA = YES;
				CLANG_WARN_CONSTANT_CONVERSION = YES;
				CLANG_WARN_DEPRECATED_OBJC_IMPLEMENTATIONS = YES;
				CLANG_WARN_DIRECT_OBJC_ISA_USAGE = YES_ERROR;
				CLANG_WARN_DOCUMENTATION_COMMENTS = YES;
				CLANG_WARN_EMPTY_BODY = YES;
				CLANG_WARN_ENUM_CONVERSION = YES;
				CLANG_WARN_INFINITE_RECURSION = YES;
				CLANG_WARN_INT_CONVERSION = YES;
				CLANG_WARN_NON_LITERAL_NULL_CONVERSION = YES;
				CLANG_WARN_OBJC_IMPLICIT_RETAIN_SELF = YES;
				CLANG_WARN_OBJC_LITERAL_CONVERSION = YES;
				CLANG_WARN_OBJC_ROOT_CLASS = YES_ERROR;
				CLANG_WARN_QUOTED_INCLUDE_IN_FRAMEWORK_HEADER = YES;
				CLANG_WARN_RANGE_LOOP_ANALYSIS = YES;
				CLANG_WARN_STRICT_PROTOTYPES = YES;
				CLANG_WARN_SUSPICIOUS_MOVE = YES;
				CLANG_WARN_UNGUARDED_AVAILABILITY = YES_AGGRESSIVE;
				CLANG_WARN_UNREACHABLE_CODE = YES;
				CLANG_WARN__DUPLICATE_METHOD_MATCH = YES;
				COPY_PHASE_STRIP = NO;
				DEBUG_INFORMATION_FORMAT = dwarf;
				ENABLE_STRICT_OBJC_MSGSEND = YES;
				ENABLE_TESTABILITY = YES;
				GCC_C_LANGUAGE_STANDARD = gnu11;
				GCC_DYNAMIC_NO_PIC = NO;
				GCC_NO_COMMON_BLOCKS = YES;
				GCC_OPTIMIZATION_LEVEL = 0;
				GCC_PREPROCESSOR_DEFINITIONS = (
					"DEBUG=1",
					"$(inherited)",
				);
				GCC_WARN_64_TO_32_BIT_CONVERSION = YES;
				GCC_WARN_ABOUT_RETURN_TYPE = YES_ERROR;
				GCC_WARN_UNDECLARED_SELECTOR = YES;
				GCC_WARN_UNINITIALIZED_AUTOS = YES_AGGRESSIVE;
				GCC_WARN_UNUSED_FUNCTION = YES;
				GCC_WARN_UNUSED_VARIABLE = YES;
				IPHONEOS_DEPLOYMENT_TARGET = 15.4;
				MTL_ENABLE_DEBUG_INFO = INCLUDE_SOURCE;
				MTL_FAST_MATH = YES;
				ONLY_ACTIVE_ARCH = YES;
				SDKROOT = iphoneos;
				SWIFT_ACTIVE_COMPILATION_CONDITIONS = DEBUG;
				SWIFT_OPTIMIZATION_LEVEL = "-Onone";
			};
			name = Debug;
		};
		D591F19E28DC9D2800A6D337 /* Release */ = {
			isa = XCBuildConfiguration;
			buildSettings = {
				ALWAYS_SEARCH_USER_PATHS = NO;
				CLANG_ANALYZER_NONNULL = YES;
				CLANG_ANALYZER_NUMBER_OBJECT_CONVERSION = YES_AGGRESSIVE;
				CLANG_CXX_LANGUAGE_STANDARD = "gnu++17";
				CLANG_ENABLE_MODULES = YES;
				CLANG_ENABLE_OBJC_ARC = YES;
				CLANG_ENABLE_OBJC_WEAK = YES;
				CLANG_WARN_BLOCK_CAPTURE_AUTORELEASING = YES;
				CLANG_WARN_BOOL_CONVERSION = YES;
				CLANG_WARN_COMMA = YES;
				CLANG_WARN_CONSTANT_CONVERSION = YES;
				CLANG_WARN_DEPRECATED_OBJC_IMPLEMENTATIONS = YES;
				CLANG_WARN_DIRECT_OBJC_ISA_USAGE = YES_ERROR;
				CLANG_WARN_DOCUMENTATION_COMMENTS = YES;
				CLANG_WARN_EMPTY_BODY = YES;
				CLANG_WARN_ENUM_CONVERSION = YES;
				CLANG_WARN_INFINITE_RECURSION = YES;
				CLANG_WARN_INT_CONVERSION = YES;
				CLANG_WARN_NON_LITERAL_NULL_CONVERSION = YES;
				CLANG_WARN_OBJC_IMPLICIT_RETAIN_SELF = YES;
				CLANG_WARN_OBJC_LITERAL_CONVERSION = YES;
				CLANG_WARN_OBJC_ROOT_CLASS = YES_ERROR;
				CLANG_WARN_QUOTED_INCLUDE_IN_FRAMEWORK_HEADER = YES;
				CLANG_WARN_RANGE_LOOP_ANALYSIS = YES;
				CLANG_WARN_STRICT_PROTOTYPES = YES;
				CLANG_WARN_SUSPICIOUS_MOVE = YES;
				CLANG_WARN_UNGUARDED_AVAILABILITY = YES_AGGRESSIVE;
				CLANG_WARN_UNREACHABLE_CODE = YES;
				CLANG_WARN__DUPLICATE_METHOD_MATCH = YES;
				COPY_PHASE_STRIP = NO;
				DEBUG_INFORMATION_FORMAT = "dwarf-with-dsym";
				ENABLE_NS_ASSERTIONS = NO;
				ENABLE_STRICT_OBJC_MSGSEND = YES;
				GCC_C_LANGUAGE_STANDARD = gnu11;
				GCC_NO_COMMON_BLOCKS = YES;
				GCC_WARN_64_TO_32_BIT_CONVERSION = YES;
				GCC_WARN_ABOUT_RETURN_TYPE = YES_ERROR;
				GCC_WARN_UNDECLARED_SELECTOR = YES;
				GCC_WARN_UNINITIALIZED_AUTOS = YES_AGGRESSIVE;
				GCC_WARN_UNUSED_FUNCTION = YES;
				GCC_WARN_UNUSED_VARIABLE = YES;
				IPHONEOS_DEPLOYMENT_TARGET = 15.4;
				MTL_ENABLE_DEBUG_INFO = NO;
				MTL_FAST_MATH = YES;
				SDKROOT = iphoneos;
				SWIFT_COMPILATION_MODE = wholemodule;
				SWIFT_OPTIMIZATION_LEVEL = "-O";
				VALIDATE_PRODUCT = YES;
			};
			name = Release;
		};
		D591F1A028DC9D2800A6D337 /* Debug */ = {
			isa = XCBuildConfiguration;
			buildSettings = {
				ASSETCATALOG_COMPILER_APPICON_NAME = AppIcon;
				ASSETCATALOG_COMPILER_GLOBAL_ACCENT_COLOR_NAME = AccentColor;
				CODE_SIGN_STYLE = Automatic;
				CURRENT_PROJECT_VERSION = 1;
				DEVELOPMENT_TEAM = R5JMJ79UR6;
				GENERATE_INFOPLIST_FILE = YES;
				INFOPLIST_FILE = SpaceX/Info.plist;
				INFOPLIST_KEY_UIApplicationSupportsIndirectInputEvents = YES;
				INFOPLIST_KEY_UILaunchStoryboardName = LaunchScreen;
				INFOPLIST_KEY_UIMainStoryboardFile = Main;
				INFOPLIST_KEY_UISupportedInterfaceOrientations_iPad = "UIInterfaceOrientationPortrait UIInterfaceOrientationPortraitUpsideDown UIInterfaceOrientationLandscapeLeft UIInterfaceOrientationLandscapeRight";
				INFOPLIST_KEY_UISupportedInterfaceOrientations_iPhone = "UIInterfaceOrientationPortrait UIInterfaceOrientationLandscapeLeft UIInterfaceOrientationLandscapeRight";
				IPHONEOS_DEPLOYMENT_TARGET = 13.0;
				LD_RUNPATH_SEARCH_PATHS = (
					"$(inherited)",
					"@executable_path/Frameworks",
				);
				MARKETING_VERSION = 1.0;
				PRODUCT_BUNDLE_IDENTIFIER = ExomindOpenclassrooms.SpaceX;
				PRODUCT_NAME = "$(TARGET_NAME)";
				SWIFT_EMIT_LOC_STRINGS = YES;
				SWIFT_VERSION = 5.0;
				TARGETED_DEVICE_FAMILY = "1,2";
			};
			name = Debug;
		};
		D591F1A128DC9D2800A6D337 /* Release */ = {
			isa = XCBuildConfiguration;
			buildSettings = {
				ASSETCATALOG_COMPILER_APPICON_NAME = AppIcon;
				ASSETCATALOG_COMPILER_GLOBAL_ACCENT_COLOR_NAME = AccentColor;
				CODE_SIGN_STYLE = Automatic;
				CURRENT_PROJECT_VERSION = 1;
				DEVELOPMENT_TEAM = R5JMJ79UR6;
				GENERATE_INFOPLIST_FILE = YES;
				INFOPLIST_FILE = SpaceX/Info.plist;
				INFOPLIST_KEY_UIApplicationSupportsIndirectInputEvents = YES;
				INFOPLIST_KEY_UILaunchStoryboardName = LaunchScreen;
				INFOPLIST_KEY_UIMainStoryboardFile = Main;
				INFOPLIST_KEY_UISupportedInterfaceOrientations_iPad = "UIInterfaceOrientationPortrait UIInterfaceOrientationPortraitUpsideDown UIInterfaceOrientationLandscapeLeft UIInterfaceOrientationLandscapeRight";
				INFOPLIST_KEY_UISupportedInterfaceOrientations_iPhone = "UIInterfaceOrientationPortrait UIInterfaceOrientationLandscapeLeft UIInterfaceOrientationLandscapeRight";
				IPHONEOS_DEPLOYMENT_TARGET = 13.0;
				LD_RUNPATH_SEARCH_PATHS = (
					"$(inherited)",
					"@executable_path/Frameworks",
				);
				MARKETING_VERSION = 1.0;
				PRODUCT_BUNDLE_IDENTIFIER = ExomindOpenclassrooms.SpaceX;
				PRODUCT_NAME = "$(TARGET_NAME)";
				SWIFT_EMIT_LOC_STRINGS = YES;
				SWIFT_VERSION = 5.0;
				TARGETED_DEVICE_FAMILY = "1,2";
			};
			name = Release;
		};
/* End XCBuildConfiguration section */

/* Begin XCConfigurationList section */
		D591F18628DC9D2500A6D337 /* Build configuration list for PBXProject "SpaceX" */ = {
			isa = XCConfigurationList;
			buildConfigurations = (
				D591F19D28DC9D2800A6D337 /* Debug */,
				D591F19E28DC9D2800A6D337 /* Release */,
			);
			defaultConfigurationIsVisible = 0;
			defaultConfigurationName = Release;
		};
		D591F19F28DC9D2800A6D337 /* Build configuration list for PBXNativeTarget "SpaceX" */ = {
			isa = XCConfigurationList;
			buildConfigurations = (
				D591F1A028DC9D2800A6D337 /* Debug */,
				D591F1A128DC9D2800A6D337 /* Release */,
			);
			defaultConfigurationIsVisible = 0;
			defaultConfigurationName = Release;
		};
/* End XCConfigurationList section */
	};
	rootObject = D591F18328DC9D2500A6D337 /* Project object */;
}
